
Microsoft Visual Studio Solution File, Format Version 12.00
# Visual Studio Version 17
VisualStudioVersion = 17.0.32112.339
MinimumVisualStudioVersion = 10.0.40219.1
Project("{FAE04EC0-301F-11D3-BF4B-00C04F79EFBC}") = "Bridge", "Bridge\Bridge.csproj", "{90F5E001-5854-4009-83CA-F6AF0A2EE157}"
EndProject
Global
	GlobalSection(SolutionConfigurationPlatforms) = preSolution
		Debug|Any CPU = Debug|Any CPU
		Release|Any CPU = Release|Any CPU
	EndGlobalSection
	GlobalSection(ProjectConfigurationPlatforms) = postSolution
		{90F5E001-5854-4009-83CA-F6AF0A2EE157}.Debug|Any CPU.ActiveCfg = Debug|Any CPU
		{90F5E001-5854-4009-83CA-F6AF0A2EE157}.Debug|Any CPU.Build.0 = Debug|Any CPU
		{90F5E001-5854-4009-83CA-F6AF0A2EE157}.Release|Any CPU.ActiveCfg = Release|Any CPU
		{90F5E001-5854-4009-83CA-F6AF0A2EE157}.Release|Any CPU.Build.0 = Release|Any CPU
	EndGlobalSection
	GlobalSection(SolutionProperties) = preSolution
		HideSolutionNode = FALSE
	EndGlobalSection
	GlobalSection(ExtensibilityGlobals) = postSolution
		SolutionGuid = {E4487D78-9103-49FB-A9DA-1F8D8F25FA5A}
	EndGlobalSection
EndGlobal
