
Microsoft Visual Studio Solution File, Format Version 12.00
# Visual Studio Version 17
VisualStudioVersion = 17.0.32112.339
MinimumVisualStudioVersion = 10.0.40219.1
Project("{FAE04EC0-301F-11D3-BF4B-00C04F79EFBC}") = "Strategy", "Strategy\Strategy.csproj", "{3437E99C-75E7-45DD-BEC0-BF2A2343B08F}"
EndProject
Global
	GlobalSection(SolutionConfigurationPlatforms) = preSolution
		Debug|Any CPU = Debug|Any CPU
		Release|Any CPU = Release|Any CPU
	EndGlobalSection
	GlobalSection(ProjectConfigurationPlatforms) = postSolution
		{3437E99C-75E7-45DD-BEC0-BF2A2343B08F}.Debug|Any CPU.ActiveCfg = Debug|Any CPU
		{3437E99C-75E7-45DD-BEC0-BF2A2343B08F}.Debug|Any CPU.Build.0 = Debug|Any CPU
		{3437E99C-75E7-45DD-BEC0-BF2A2343B08F}.Release|Any CPU.ActiveCfg = Release|Any CPU
		{3437E99C-75E7-45DD-BEC0-BF2A2343B08F}.Release|Any CPU.Build.0 = Release|Any CPU
	EndGlobalSection
	GlobalSection(SolutionProperties) = preSolution
		HideSolutionNode = FALSE
	EndGlobalSection
	GlobalSection(ExtensibilityGlobals) = postSolution
		SolutionGuid = {EDBB0837-0FAA-4FC4-BEBB-73C9DDC7E683}
	EndGlobalSection
EndGlobal
